{
  "name": "YT_link_scraper",
  "lockfileVersion": 3,
  "requires": true,
  "packages": {
    "": {
      "dependencies": {
        "scrape-youtube": "^2.3.2"
      }
    },
    "node_modules/scrape-youtube": {
      "version": "2.3.2",
      "resolved": "https://registry.npmjs.org/scrape-youtube/-/scrape-youtube-2.3.2.tgz",
      "integrity": "sha512-FF5Fv6IHHxmonMmE+OH0RaAaDFDuo4rc+jUJhg0TpWwAhQVv+f9eDxpgDdez0EL5dqYoYFMRTdK1QZeF4RgM6w=="
    }
  }
}
